
Microsoft Visual Studio Solution File, Format Version 12.00
# Visual Studio Version 17
VisualStudioVersion = 17.5.002.0
MinimumVisualStudioVersion = 10.0.40219.1
Project("{9A19103F-16F7-4668-BE54-9A1E7A4F7556}") = "Shotly", "Shotly.csproj", "{2511AD75-39ED-4042-B492-5C96B820AE02}"
EndProject
Global
	GlobalSection(SolutionConfigurationPlatforms) = preSolution
		Debug|Any CPU = Debug|Any CPU
		Release|Any CPU = Release|Any CPU
	EndGlobalSection
	GlobalSection(ProjectConfigurationPlatforms) = postSolution
		{2511AD75-39ED-4042-B492-5C96B820AE02}.Debug|Any CPU.ActiveCfg = Debug|Any CPU
		{2511AD75-39ED-4042-B492-5C96B820AE02}.Debug|Any CPU.Build.0 = Debug|Any CPU
		{2511AD75-39ED-4042-B492-5C96B820AE02}.Release|Any CPU.ActiveCfg = Release|Any CPU
		{2511AD75-39ED-4042-B492-5C96B820AE02}.Release|Any CPU.Build.0 = Release|Any CPU
	EndGlobalSection
	GlobalSection(SolutionProperties) = preSolution
		HideSolutionNode = FALSE
	EndGlobalSection
	GlobalSection(ExtensibilityGlobals) = postSolution
		SolutionGuid = {29C079A0-05A5-49CD-ADC5-3CE32BAB7198}
	EndGlobalSection
EndGlobal
